
Microsoft Visual Studio Solution File, Format Version 12.00
# Visual Studio Version 17
VisualStudioVersion = 17.2.32516.85
MinimumVisualStudioVersion = 10.0.40219.1
Project("{FAE04EC0-301F-11D3-BF4B-00C04F79EFBC}") = "AutomatedTellerMachine", "AutomatedTellerMachine\AutomatedTellerMachine.csproj", "{9A81EDF3-A07E-4C3E-BE80-B14293730412}"
EndProject
Project("{FAE04EC0-301F-11D3-BF4B-00C04F79EFBC}") = "Bank", "Bank\Bank.csproj", "{5309CDA3-94C7-4A4D-80E3-6BC12212D52D}"
EndProject
Project("{FAE04EC0-301F-11D3-BF4B-00C04F79EFBC}") = "Common", "Common\Common.csproj", "{AC7EE4F2-8C68-43AB-AEED-2F7D744631FF}"
EndProject
Project("{FAE04EC0-301F-11D3-BF4B-00C04F79EFBC}") = "Core", "Core\Core.csproj", "{40DBEE4E-D62E-446B-B473-769952D264AB}"
EndProject
Project("{FAE04EC0-301F-11D3-BF4B-00C04F79EFBC}") = "DAL", "DAL\DAL.csproj", "{4124FFC4-E15C-4726-B0CD-9CD6CA38E17A}"
EndProject
Project("{54435603-DBB4-11D2-8724-00A0C9A8B90C}") = "Setup", "Setup\Setup.vdproj", "{9784DA87-329A-4366-964C-DD471DA99E81}"
EndProject
Project("{FAE04EC0-301F-11D3-BF4B-00C04F79EFBC}") = "FaceDetector", "FaceDetector\FaceDetector.csproj", "{AF0C6D83-5AAB-486C-ABD0-A6DAA800601B}"
EndProject
Project("{FAE04EC0-301F-11D3-BF4B-00C04F79EFBC}") = "FaceRecognizer", "FaceRecognizer\FaceRecognizer.csproj", "{7CB1D974-01C0-4035-AF44-BB96F5F996B8}"
EndProject
Global
	GlobalSection(SolutionConfigurationPlatforms) = preSolution
		Debug|Any CPU = Debug|Any CPU
		Release|Any CPU = Release|Any CPU
	EndGlobalSection
	GlobalSection(ProjectConfigurationPlatforms) = postSolution
		{9A81EDF3-A07E-4C3E-BE80-B14293730412}.Debug|Any CPU.ActiveCfg = Debug|Any CPU
		{9A81EDF3-A07E-4C3E-BE80-B14293730412}.Debug|Any CPU.Build.0 = Debug|Any CPU
		{9A81EDF3-A07E-4C3E-BE80-B14293730412}.Release|Any CPU.ActiveCfg = Release|Any CPU
		{9A81EDF3-A07E-4C3E-BE80-B14293730412}.Release|Any CPU.Build.0 = Release|Any CPU
		{5309CDA3-94C7-4A4D-80E3-6BC12212D52D}.Debug|Any CPU.ActiveCfg = Debug|Any CPU
		{5309CDA3-94C7-4A4D-80E3-6BC12212D52D}.Debug|Any CPU.Build.0 = Debug|Any CPU
		{5309CDA3-94C7-4A4D-80E3-6BC12212D52D}.Release|Any CPU.ActiveCfg = Release|Any CPU
		{5309CDA3-94C7-4A4D-80E3-6BC12212D52D}.Release|Any CPU.Build.0 = Release|Any CPU
		{AC7EE4F2-8C68-43AB-AEED-2F7D744631FF}.Debug|Any CPU.ActiveCfg = Debug|Any CPU
		{AC7EE4F2-8C68-43AB-AEED-2F7D744631FF}.Debug|Any CPU.Build.0 = Debug|Any CPU
		{AC7EE4F2-8C68-43AB-AEED-2F7D744631FF}.Release|Any CPU.ActiveCfg = Release|Any CPU
		{AC7EE4F2-8C68-43AB-AEED-2F7D744631FF}.Release|Any CPU.Build.0 = Release|Any CPU
		{40DBEE4E-D62E-446B-B473-769952D264AB}.Debug|Any CPU.ActiveCfg = Debug|Any CPU
		{40DBEE4E-D62E-446B-B473-769952D264AB}.Debug|Any CPU.Build.0 = Debug|Any CPU
		{40DBEE4E-D62E-446B-B473-769952D264AB}.Release|Any CPU.ActiveCfg = Release|Any CPU
		{40DBEE4E-D62E-446B-B473-769952D264AB}.Release|Any CPU.Build.0 = Release|Any CPU
		{4124FFC4-E15C-4726-B0CD-9CD6CA38E17A}.Debug|Any CPU.ActiveCfg = Debug|Any CPU
		{4124FFC4-E15C-4726-B0CD-9CD6CA38E17A}.Debug|Any CPU.Build.0 = Debug|Any CPU
		{4124FFC4-E15C-4726-B0CD-9CD6CA38E17A}.Release|Any CPU.ActiveCfg = Release|Any CPU
		{4124FFC4-E15C-4726-B0CD-9CD6CA38E17A}.Release|Any CPU.Build.0 = Release|Any CPU
		{9784DA87-329A-4366-964C-DD471DA99E81}.Debug|Any CPU.ActiveCfg = Debug
		{9784DA87-329A-4366-964C-DD471DA99E81}.Release|Any CPU.ActiveCfg = Release
		{AF0C6D83-5AAB-486C-ABD0-A6DAA800601B}.Debug|Any CPU.ActiveCfg = Debug|Any CPU
		{AF0C6D83-5AAB-486C-ABD0-A6DAA800601B}.Debug|Any CPU.Build.0 = Debug|Any CPU
		{AF0C6D83-5AAB-486C-ABD0-A6DAA800601B}.Release|Any CPU.ActiveCfg = Release|Any CPU
		{AF0C6D83-5AAB-486C-ABD0-A6DAA800601B}.Release|Any CPU.Build.0 = Release|Any CPU
		{7CB1D974-01C0-4035-AF44-BB96F5F996B8}.Debug|Any CPU.ActiveCfg = Debug|Any CPU
		{7CB1D974-01C0-4035-AF44-BB96F5F996B8}.Debug|Any CPU.Build.0 = Debug|Any CPU
		{7CB1D974-01C0-4035-AF44-BB96F5F996B8}.Release|Any CPU.ActiveCfg = Release|Any CPU
		{7CB1D974-01C0-4035-AF44-BB96F5F996B8}.Release|Any CPU.Build.0 = Release|Any CPU
	EndGlobalSection
	GlobalSection(SolutionProperties) = preSolution
		HideSolutionNode = FALSE
	EndGlobalSection
	GlobalSection(ExtensibilityGlobals) = postSolution
		SolutionGuid = {026CB4D0-BE0C-4EA0-80A8-0B9BF4030006}
	EndGlobalSection
EndGlobal
